
Microsoft Visual Studio Solution File, Format Version 12.00
# Visual Studio Version 17
VisualStudioVersion = 17.6.33723.286
MinimumVisualStudioVersion = 10.0.40219.1
Project("{FAE04EC0-301F-11D3-BF4B-00C04F79EFBC}") = "FitnessWebsite", "FitnessWebsite\FitnessWebsite.csproj", "{A644D428-152D-42B6-9504-FBEA6E5705C9}"
EndProject
Global
	GlobalSection(SolutionConfigurationPlatforms) = preSolution
		Debug|Any CPU = Debug|Any CPU
		Release|Any CPU = Release|Any CPU
	EndGlobalSection
	GlobalSection(ProjectConfigurationPlatforms) = postSolution
		{A644D428-152D-42B6-9504-FBEA6E5705C9}.Debug|Any CPU.ActiveCfg = Debug|Any CPU
		{A644D428-152D-42B6-9504-FBEA6E5705C9}.Debug|Any CPU.Build.0 = Debug|Any CPU
		{A644D428-152D-42B6-9504-FBEA6E5705C9}.Release|Any CPU.ActiveCfg = Release|Any CPU
		{A644D428-152D-42B6-9504-FBEA6E5705C9}.Release|Any CPU.Build.0 = Release|Any CPU
	EndGlobalSection
	GlobalSection(SolutionProperties) = preSolution
		HideSolutionNode = FALSE
	EndGlobalSection
	GlobalSection(ExtensibilityGlobals) = postSolution
		SolutionGuid = {30E79219-0E36-4C44-9074-4863BFA3E006}
	EndGlobalSection
EndGlobal
